{
    "name": "tests",
    "version": "0.0.1",
    "lockfileVersion": 1,
    "requires": true,
    "dependencies": {
        "@xmldom/xmldom": {
            "version": "0.7.5",
            "resolved": "https://registry.npmjs.org/@xmldom/xmldom/-/xmldom-0.7.5.tgz",
            "integrity": "sha512-V3BIhmY36fXZ1OtVcI9W+FxQqxVLsPKcNjWigIaa81dLC9IolJl5Mt4Cvhmr0flUnjSpTdrbMTSbXqYqV5dT6A=="
        },
        "colors": {
            "version": "1.1.2",
            "resolved": "https://registry.npmjs.org/colors/-/colors-1.1.2.tgz",
            "integrity": "sha1-FopHAXVran9RoSzgyXv6KMCE7WM=",
            "dev": true
        },
        "core-util-is": {
            "version": "1.0.2",
            "resolved": "https://registry.npmjs.org/core-util-is/-/core-util-is-1.0.2.tgz",
            "integrity": "sha1-tf1UIgqivFq1eqtxQMlAdUUDwac="
        },
        "driver": {
            "version": "1.0.0",
            "resolved": "https://registry.npmjs.org/driver/-/driver-1.0.0.tgz",
            "integrity": "sha512-beS/9xzokH5BMdOcJ91QL3eghbtHvst4BI29iabJXC32XOrztwJnh1CQyZl5T8jDwkczIaESYTmZHPfJKjfHLA=="
        },
        "firefox": {
            "version": "0.0.1",
            "resolved": "https://registry.npmjs.org/firefox/-/firefox-0.0.1.tgz",
            "integrity": "sha1-gsHZwt7m+4t8pJpaZUQSxz8JwGA="
        },
        "fs": {
            "version": "0.0.1-security",
            "resolved": "https://registry.npmjs.org/fs/-/fs-0.0.1-security.tgz",
            "integrity": "sha1-invTcYa23d84E/I4WLV+yq9eQdQ="
        },
        "fs-extra": {
            "version": "1.0.0",
            "resolved": "https://registry.npmjs.org/fs-extra/-/fs-extra-1.0.0.tgz",
            "integrity": "sha1-zTzl9+fLYUWIP8rjGR6Yd/hYeVA=",
            "requires": {
                "graceful-fs": "^4.1.2",
                "jsonfile": "^2.1.0",
                "klaw": "^1.0.0"
            }
        },
        "graceful-fs": {
            "version": "4.2.3",
            "resolved": "https://registry.npmjs.org/graceful-fs/-/graceful-fs-4.2.3.tgz",
            "integrity": "sha512-a30VEBm4PEdx1dRB7MFK7BejejvCvBronbLjht+sHuGYj8PHs7M/5Z+rt5lw551vZ7yfTCj4Vuyy3mSJytDWRQ=="
        },
        "imap": {
            "version": "0.8.19",
            "resolved": "https://registry.npmjs.org/imap/-/imap-0.8.19.tgz",
            "integrity": "sha1-NniHOTSrCc6mukh0HyhNoq9Z2NU=",
            "requires": {
                "readable-stream": "1.1.x",
                "utf7": ">=1.0.2"
            }
        },
        "inherits": {
            "version": "2.0.3",
            "resolved": "https://registry.npmjs.org/inherits/-/inherits-2.0.3.tgz",
            "integrity": "sha1-Yzwsg+PaQqUC9SRmAiSA9CCCYd4="
        },
        "isarray": {
            "version": "0.0.1",
            "resolved": "https://registry.npmjs.org/isarray/-/isarray-0.0.1.tgz",
            "integrity": "sha1-ihis/Kmo9Bd+Cav8YDiTmwXR7t8="
        },
        "jasmine-fail-fast": {
            "version": "2.0.0",
            "resolved": "https://registry.npmjs.org/jasmine-fail-fast/-/jasmine-fail-fast-2.0.0.tgz",
            "integrity": "sha1-5dguaimiX2YsZA5MMnDC+acTh+c=",
            "requires": {
                "lodash": "3.10.0"
            }
        },
        "jasmine-reporters": {
            "version": "2.5.0",
            "resolved": "https://registry.npmjs.org/jasmine-reporters/-/jasmine-reporters-2.5.0.tgz",
            "integrity": "sha512-J69peyTR8j6SzvIPP6aO1Y00wwCqXuIvhwTYvE/di14roCf6X3wDZ4/cKGZ2fGgufjhP2FKjpgrUIKjwau4e/Q==",
            "requires": {
                "@xmldom/xmldom": "^0.7.3",
                "mkdirp": "^1.0.4"
            },
            "dependencies": {
                "mkdirp": {
                    "version": "1.0.4",
                    "resolved": "https://registry.npmjs.org/mkdirp/-/mkdirp-1.0.4.tgz",
                    "integrity": "sha512-vVqVZQyf3WLx2Shd0qJ9xuvqgAyKPLAiqITEtqW0oIUjzo3PePDd6fW9iFz30ef7Ysp/oiWqbhszeGWW2T6Gzw=="
                }
            }
        },
        "jasmine-spec-reporter": {
            "version": "4.2.1",
            "resolved": "https://registry.npmjs.org/jasmine-spec-reporter/-/jasmine-spec-reporter-4.2.1.tgz",
            "integrity": "sha1-HWMq7ANBZwrTJPkrqEtLMrNeniI=",
            "dev": true,
            "requires": {
                "colors": "1.1.2"
            }
        },
        "jsonfile": {
            "version": "2.4.0",
            "resolved": "https://registry.npmjs.org/jsonfile/-/jsonfile-2.4.0.tgz",
            "integrity": "sha1-NzaitCi4e72gzIO1P6PWM6NcKug=",
            "requires": {
                "graceful-fs": "^4.1.6"
            }
        },
        "klaw": {
            "version": "1.3.1",
            "resolved": "https://registry.npmjs.org/klaw/-/klaw-1.3.1.tgz",
            "integrity": "sha1-QIhDO0azsbolnXh4XY6W9zugJDk=",
            "requires": {
                "graceful-fs": "^4.1.9"
            }
        },
        "lodash": {
            "version": "3.10.0",
            "resolved": "https://registry.npmjs.org/lodash/-/lodash-3.10.0.tgz",
            "integrity": "sha1-k9UcZygopEFqEq9XIguoqHN+L7s="
        },
        "nodemailer": {
            "version": "6.3.1",
            "resolved": "https://registry.npmjs.org/nodemailer/-/nodemailer-6.3.1.tgz",
            "integrity": "sha512-j0BsSyaMlyadEDEypK/F+xlne2K5m6wzPYMXS/yxKI0s7jmT1kBx6GEKRVbZmyYfKOsjkeC/TiMVDJBI/w5gMQ=="
        },
        "path": {
            "version": "0.12.7",
            "resolved": "https://registry.npmjs.org/path/-/path-0.12.7.tgz",
            "integrity": "sha1-1NwqUGxM4hl+tIHr/NWzbAFAsQ8=",
            "requires": {
                "process": "^0.11.1",
                "util": "^0.10.3"
            }
        },
        "process": {
            "version": "0.11.10",
            "resolved": "https://registry.npmjs.org/process/-/process-0.11.10.tgz",
            "integrity": "sha1-czIwDoQBYb2j5podHZGn1LwW8YI="
        },
        "protractor-fail-fast": {
            "version": "3.1.0",
            "resolved": "https://registry.npmjs.org/protractor-fail-fast/-/protractor-fail-fast-3.1.0.tgz",
            "integrity": "sha1-hZl8QxM2A4r6C5s2R7HNueT4wbw=",
            "requires": {
                "jasmine-fail-fast": "~2.0.0"
            }
        },
        "protractor-html-reporter-2": {
            "version": "1.0.4",
            "resolved": "https://registry.npmjs.org/protractor-html-reporter-2/-/protractor-html-reporter-2-1.0.4.tgz",
            "integrity": "sha512-IlUcRac05bPUWscsWkEYNGNnly35LhNu4rH5/umdrRFiqOkgKdofPjw6sc1cxswTOERErWxQm0tFhl2CBkV1Kw==",
            "requires": {
                "fs": "0.0.1-security",
                "fs-extra": "^1.0.0",
                "jasmine-reporters": "^2.3.0",
                "lodash": "^4.17.5",
                "path": "^0.12.7",
                "xmldoc": "^0.5.1"
            },
            "dependencies": {
                "lodash": {
                    "version": "4.17.15",
                    "resolved": "https://registry.npmjs.org/lodash/-/lodash-4.17.15.tgz",
                    "integrity": "sha512-8xOcRHvCjnocdS5cpwXQXVzmmh5e5+saE2QGoeQmbKmRS6J3VQppPOIt0MnmE+4xlZoumy0GPG0D0MVIQbNA1A=="
                }
            }
        },
        "quoted-printable": {
            "version": "1.0.1",
            "resolved": "https://registry.npmjs.org/quoted-printable/-/quoted-printable-1.0.1.tgz",
            "integrity": "sha1-nuv16z0R7vAismT9LStrK7O4TMM=",
            "requires": {
                "utf8": "^2.1.0"
            }
        },
        "readable-stream": {
            "version": "1.1.14",
            "resolved": "https://registry.npmjs.org/readable-stream/-/readable-stream-1.1.14.tgz",
            "integrity": "sha1-fPTFTvZI44EwhMY23SB54WbAgdk=",
            "requires": {
                "core-util-is": "~1.0.0",
                "inherits": "~2.0.1",
                "isarray": "0.0.1",
                "string_decoder": "~0.10.x"
            }
        },
        "sax": {
            "version": "1.1.6",
            "resolved": "https://registry.npmjs.org/sax/-/sax-1.1.6.tgz",
            "integrity": "sha1-XWFr6KXmB9VOEUr65Vt+ry/MMkA="
        },
        "semver": {
            "version": "5.3.0",
            "resolved": "https://registry.npmjs.org/semver/-/semver-5.3.0.tgz",
            "integrity": "sha1-myzl094C0XxgEq0yaqa00M9U+U8="
        },
        "string_decoder": {
            "version": "0.10.31",
            "resolved": "https://registry.npmjs.org/string_decoder/-/string_decoder-0.10.31.tgz",
            "integrity": "sha1-YuIDvEF2bGwoyfyEMB2rHFMQ+pQ="
        },
        "utf7": {
            "version": "1.0.2",
            "resolved": "https://registry.npmjs.org/utf7/-/utf7-1.0.2.tgz",
            "integrity": "sha1-lV9JCq5lO6IguUVqCod2wZk2CZE=",
            "requires": {
                "semver": "~5.3.0"
            }
        },
        "utf8": {
            "version": "2.1.2",
            "resolved": "https://registry.npmjs.org/utf8/-/utf8-2.1.2.tgz",
            "integrity": "sha1-H6DZJw6b6FDZsFAn9jUZv0ZFfZY="
        },
        "util": {
            "version": "0.10.4",
            "resolved": "https://registry.npmjs.org/util/-/util-0.10.4.tgz",
            "integrity": "sha512-0Pm9hTQ3se5ll1XihRic3FDIku70C+iHUdT/W926rSgHV5QgXsYbKZN8MSC3tJtSkhuROzvsQjAaFENRXr+19A==",
            "requires": {
                "inherits": "2.0.3"
            }
        },
        "xmldoc": {
            "version": "0.5.1",
            "resolved": "https://registry.npmjs.org/xmldoc/-/xmldoc-0.5.1.tgz",
            "integrity": "sha1-kuQ36QDb/wRFDvrpDTyl8WVl9zg=",
            "requires": {
                "sax": "~1.1.1"
            }
        }
    }
}
