{
    "name": "tests",
    "version": "0.0.1",
    "lockfileVersion": 1,
    "requires": true,
    "dependencies": {
        "colors": {
            "version": "1.1.2",
            "resolved": "https://registry.npmjs.org/colors/-/colors-1.1.2.tgz",
            "integrity": "sha1-FopHAXVran9RoSzgyXv6KMCE7WM=",
            "dev": true
        },
        "core-util-is": {
            "version": "https://registry.npmjs.org/core-util-is/-/core-util-is-1.0.2.tgz",
            "integrity": "sha1-tf1UIgqivFq1eqtxQMlAdUUDwac="
        },
        "imap": {
            "version": "https://registry.npmjs.org/imap/-/imap-0.8.19.tgz",
            "integrity": "sha1-NniHOTSrCc6mukh0HyhNoq9Z2NU=",
            "requires": {
                "readable-stream": "https://registry.npmjs.org/readable-stream/-/readable-stream-1.1.14.tgz",
                "utf7": "https://registry.npmjs.org/utf7/-/utf7-1.0.2.tgz"
            }
        },
        "inherits": {
            "version": "https://registry.npmjs.org/inherits/-/inherits-2.0.3.tgz",
            "integrity": "sha1-Yzwsg+PaQqUC9SRmAiSA9CCCYd4="
        },
        "isarray": {
            "version": "https://registry.npmjs.org/isarray/-/isarray-0.0.1.tgz",
            "integrity": "sha1-ihis/Kmo9Bd+Cav8YDiTmwXR7t8="
        },
        "jasmine-fail-fast": {
            "version": "2.0.0",
            "resolved": "https://registry.npmjs.org/jasmine-fail-fast/-/jasmine-fail-fast-2.0.0.tgz",
            "integrity": "sha1-5dguaimiX2YsZA5MMnDC+acTh+c=",
            "requires": {
                "lodash": "3.10.0"
            }
        },
        "jasmine-spec-reporter": {
            "version": "4.2.1",
            "resolved": "https://registry.npmjs.org/jasmine-spec-reporter/-/jasmine-spec-reporter-4.2.1.tgz",
            "integrity": "sha512-FZBoZu7VE5nR7Nilzy+Np8KuVIOxF4oXDPDknehCYBDE080EnlPu0afdZNmpGDBRCUBv3mj5qgqCRmk6W/K8vg==",
            "dev": true,
            "requires": {
                "colors": "1.1.2"
            }
        },
        "lodash": {
            "version": "3.10.0",
            "resolved": "https://registry.npmjs.org/lodash/-/lodash-3.10.0.tgz",
            "integrity": "sha1-k9UcZygopEFqEq9XIguoqHN+L7s="
        },
        "protractor-fail-fast": {
            "version": "3.1.0",
            "resolved": "https://registry.npmjs.org/protractor-fail-fast/-/protractor-fail-fast-3.1.0.tgz",
            "integrity": "sha512-OjuIFmY7hm5R/Msmioyg3aBevySpmpIgtm2TGUvMEqTzviPk/Fqd1HYmMjIQ+NzFMzrK+93LJa4civDvw1+hEg==",
            "requires": {
                "jasmine-fail-fast": "2.0.0"
            }
        },
        "quoted-printable": {
            "version": "https://registry.npmjs.org/quoted-printable/-/quoted-printable-1.0.1.tgz",
            "integrity": "sha1-nuv16z0R7vAismT9LStrK7O4TMM=",
            "requires": {
                "utf8": "https://registry.npmjs.org/utf8/-/utf8-2.1.2.tgz"
            }
        },
        "readable-stream": {
            "version": "https://registry.npmjs.org/readable-stream/-/readable-stream-1.1.14.tgz",
            "integrity": "sha1-fPTFTvZI44EwhMY23SB54WbAgdk=",
            "requires": {
                "core-util-is": "https://registry.npmjs.org/core-util-is/-/core-util-is-1.0.2.tgz",
                "inherits": "https://registry.npmjs.org/inherits/-/inherits-2.0.3.tgz",
                "isarray": "https://registry.npmjs.org/isarray/-/isarray-0.0.1.tgz",
                "string_decoder": "https://registry.npmjs.org/string_decoder/-/string_decoder-0.10.31.tgz"
            }
        },
        "semver": {
            "version": "https://registry.npmjs.org/semver/-/semver-5.3.0.tgz",
            "integrity": "sha1-myzl094C0XxgEq0yaqa00M9U+U8="
        },
        "string_decoder": {
            "version": "https://registry.npmjs.org/string_decoder/-/string_decoder-0.10.31.tgz",
            "integrity": "sha1-YuIDvEF2bGwoyfyEMB2rHFMQ+pQ="
        },
        "utf7": {
            "version": "https://registry.npmjs.org/utf7/-/utf7-1.0.2.tgz",
            "integrity": "sha1-lV9JCq5lO6IguUVqCod2wZk2CZE=",
            "requires": {
                "semver": "https://registry.npmjs.org/semver/-/semver-5.3.0.tgz"
            }
        },
        "utf8": {
            "version": "https://registry.npmjs.org/utf8/-/utf8-2.1.2.tgz",
            "integrity": "sha1-H6DZJw6b6FDZsFAn9jUZv0ZFfZY="
        }
    }
}
